
Microsoft Visual Studio Solution File, Format Version 12.00
# Visual Studio 14
VisualStudioVersion = 14.0.24720.0
MinimumVisualStudioVersion = 10.0.40219.1
Project("{FAE04EC0-301F-11D3-BF4B-00C04F79EFBC}") = "ConsoleTest", "ConsoleTest\ConsoleTest.csproj", "{51553652-4A3D-46B4-9E7E-26F83CD46B51}"
EndProject
Global
	GlobalSection(SolutionConfigurationPlatforms) = preSolution
		Debug|Any CPU = Debug|Any CPU
		Release|Any CPU = Release|Any CPU
	EndGlobalSection
	GlobalSection(ProjectConfigurationPlatforms) = postSolution
		{51553652-4A3D-46B4-9E7E-26F83CD46B51}.Debug|Any CPU.ActiveCfg = Debug|Any CPU
		{51553652-4A3D-46B4-9E7E-26F83CD46B51}.Debug|Any CPU.Build.0 = Debug|Any CPU
		{51553652-4A3D-46B4-9E7E-26F83CD46B51}.Release|Any CPU.ActiveCfg = Release|Any CPU
		{51553652-4A3D-46B4-9E7E-26F83CD46B51}.Release|Any CPU.Build.0 = Release|Any CPU
	EndGlobalSection
	GlobalSection(SolutionProperties) = preSolution
		HideSolutionNode = FALSE
	EndGlobalSection
EndGlobal
